
Microsoft Visual Studio Solution File, Format Version 12.00
# Visual Studio Version 17
VisualStudioVersion = 17.13.35806.99
MinimumVisualStudioVersion = 10.0.40219.1
Project("{FAE04EC0-301F-11D3-BF4B-00C04F79EFBC}") = "Import-Excel.Domain", "Import-Excel.Domain\Import-Excel.Domain.csproj", "{EC349FF5-5C20-426F-81F2-ECF5B264444D}"
EndProject
Project("{FAE04EC0-301F-11D3-BF4B-00C04F79EFBC}") = "Import-Excel.EndPoint", "Import-Excel.EndPoint\Import-Excel.EndPoint.csproj", "{66BE01CC-6991-4D62-9D23-993E9A370722}"
EndProject
Project("{FAE04EC0-301F-11D3-BF4B-00C04F79EFBC}") = "Import-Excel.Infrastructore", "Import-Excel.Infrastructore\Import-Excel.Infrastructore.csproj", "{9639BA70-01B8-40A4-8755-57F1422ECA8D}"
EndProject
Global
	GlobalSection(SolutionConfigurationPlatforms) = preSolution
		Debug|Any CPU = Debug|Any CPU
		Release|Any CPU = Release|Any CPU
	EndGlobalSection
	GlobalSection(ProjectConfigurationPlatforms) = postSolution
		{EC349FF5-5C20-426F-81F2-ECF5B264444D}.Debug|Any CPU.ActiveCfg = Debug|Any CPU
		{EC349FF5-5C20-426F-81F2-ECF5B264444D}.Debug|Any CPU.Build.0 = Debug|Any CPU
		{EC349FF5-5C20-426F-81F2-ECF5B264444D}.Release|Any CPU.ActiveCfg = Release|Any CPU
		{EC349FF5-5C20-426F-81F2-ECF5B264444D}.Release|Any CPU.Build.0 = Release|Any CPU
		{66BE01CC-6991-4D62-9D23-993E9A370722}.Debug|Any CPU.ActiveCfg = Debug|Any CPU
		{66BE01CC-6991-4D62-9D23-993E9A370722}.Debug|Any CPU.Build.0 = Debug|Any CPU
		{66BE01CC-6991-4D62-9D23-993E9A370722}.Release|Any CPU.ActiveCfg = Release|Any CPU
		{66BE01CC-6991-4D62-9D23-993E9A370722}.Release|Any CPU.Build.0 = Release|Any CPU
		{9639BA70-01B8-40A4-8755-57F1422ECA8D}.Debug|Any CPU.ActiveCfg = Debug|Any CPU
		{9639BA70-01B8-40A4-8755-57F1422ECA8D}.Debug|Any CPU.Build.0 = Debug|Any CPU
		{9639BA70-01B8-40A4-8755-57F1422ECA8D}.Release|Any CPU.ActiveCfg = Release|Any CPU
		{9639BA70-01B8-40A4-8755-57F1422ECA8D}.Release|Any CPU.Build.0 = Release|Any CPU
	EndGlobalSection
	GlobalSection(SolutionProperties) = preSolution
		HideSolutionNode = FALSE
	EndGlobalSection
	GlobalSection(ExtensibilityGlobals) = postSolution
		SolutionGuid = {FEE7F89F-FF9A-41A0-940B-CB1B9A685B62}
	EndGlobalSection
EndGlobal
